# This file is automatically @generated by Cargo.
# It is not intended for manual editing.
version = 4

[[package]]
name = "bitflags"
version = "2.11.1"
source = "registry+https://github.com/rust-lang/crates.io-index"
checksum = "c4512299f36f043ab09a583e57bceb5a5aab7a73db1805848e8fef3c9e8c78b3"

[[package]]
name = "byteorder"
version = "1.5.0"
source = "registry+https://github.com/rust-lang/crates.io-index"
checksum = "1fd0f2584146f6f2ef48085050886acf353beff7305ebd1ae69500e27c67f64b"

[[package]]
name = "casca"
version = "0.0.1"
source = "git+https://github.com/pleme-io/brasa#04175f7404ba539a69ed60b0b596ec9b2f6c56bf"
dependencies = [
 "raiz",
 "seiva",
 "zerocopy",
]

[[package]]
name = "folha"
version = "0.0.1"
source = "git+https://github.com/pleme-io/brasa#04175f7404ba539a69ed60b0b596ec9b2f6c56bf"
dependencies = [
 "casca",
 "galho",
 "heapless",
 "raiz",
 "seiva",
]

[[package]]
name = "galho"
version = "0.0.1"
source = "git+https://github.com/pleme-io/brasa#04175f7404ba539a69ed60b0b596ec9b2f6c56bf"
dependencies = [
 "bitflags",
 "casca",
 "heapless",
 "raiz",
 "seiva",
]

[[package]]
name = "galho-virtio-net"
version = "0.0.1"
dependencies = [
 "bitflags",
 "casca",
 "folha",
 "galho",
 "heapless",
 "raiz",
 "seiva",
 "zerocopy",
]

[[package]]
name = "hash32"
version = "0.3.1"
source = "registry+https://github.com/rust-lang/crates.io-index"
checksum = "47d60b12902ba28e2730cd37e95b8c9223af2808df9e902d4df49588d1470606"
dependencies = [
 "byteorder",
]

[[package]]
name = "heapless"
version = "0.8.0"
source = "registry+https://github.com/rust-lang/crates.io-index"
checksum = "0bfb9eb618601c89945a70e254898da93b13be0388091d42117462b265bb3fad"
dependencies = [
 "hash32",
 "stable_deref_trait",
]

[[package]]
name = "proc-macro2"
version = "1.0.106"
source = "registry+https://github.com/rust-lang/crates.io-index"
checksum = "8fd00f0bb2e90d81d1044c2b32617f68fcb9fa3bb7640c23e9c748e53fb30934"
dependencies = [
 "unicode-ident",
]

[[package]]
name = "quote"
version = "1.0.45"
source = "registry+https://github.com/rust-lang/crates.io-index"
checksum = "41f2619966050689382d2b44f664f4bc593e129785a36d6ee376ddf37259b924"
dependencies = [
 "proc-macro2",
]

[[package]]
name = "raiz"
version = "0.0.1"
source = "git+https://github.com/pleme-io/brasa#04175f7404ba539a69ed60b0b596ec9b2f6c56bf"
dependencies = [
 "bitflags",
 "heapless",
 "zerocopy",
]

[[package]]
name = "seiva"
version = "0.0.1"
source = "git+https://github.com/pleme-io/brasa#04175f7404ba539a69ed60b0b596ec9b2f6c56bf"
dependencies = [
 "heapless",
 "raiz",
 "zerocopy",
]

[[package]]
name = "stable_deref_trait"
version = "1.2.1"
source = "registry+https://github.com/rust-lang/crates.io-index"
checksum = "6ce2be8dc25455e1f91df71bfa12ad37d7af1092ae736f3a6cd0e37bc7810596"

[[package]]
name = "syn"
version = "2.0.117"
source = "registry+https://github.com/rust-lang/crates.io-index"
checksum = "e665b8803e7b1d2a727f4023456bbbbe74da67099c585258af0ad9c5013b9b99"
dependencies = [
 "proc-macro2",
 "quote",
 "unicode-ident",
]

[[package]]
name = "unicode-ident"
version = "1.0.24"
source = "registry+https://github.com/rust-lang/crates.io-index"
checksum = "e6e4313cd5fcd3dad5cafa179702e2b244f760991f45397d14d4ebf38247da75"

[[package]]
name = "zerocopy"
version = "0.8.48"
source = "registry+https://github.com/rust-lang/crates.io-index"
checksum = "eed437bf9d6692032087e337407a86f04cd8d6a16a37199ed57949d415bd68e9"
dependencies = [
 "zerocopy-derive",
]

[[package]]
name = "zerocopy-derive"
version = "0.8.48"
source = "registry+https://github.com/rust-lang/crates.io-index"
checksum = "70e3cd084b1788766f53af483dd21f93881ff30d7320490ec3ef7526d203bad4"
dependencies = [
 "proc-macro2",
 "quote",
 "syn",
]
